// !$*UTF8*$!
{
	archiveVersion = 1;
	classes = {
	};
	objectVersion = 77;
	objects = {

/* Begin PBXBuildFile section */
		C3C5B75D2F0410D500CA5541 /* PFMTools.cpp in Sources */ = {isa = PBXBuildFile; fileRef = C3C5B75B2F0410D500CA5541 /* PFMTools.cpp */; };
		C3C5B7602F0415EC00CA5541 /* Foundation.framework in Frameworks */ = {isa = PBXBuildFile; fileRef = C3C5B75F2F0415EC00CA5541 /* Foundation.framework */; };
		C3C5B7622F0415F500CA5541 /* QuartzCore.framework in Frameworks */ = {isa = PBXBuildFile; fileRef = C3C5B7612F0415F500CA5541 /* QuartzCore.framework */; };
		C3C5B7642F04160000CA5541 /* Metal.framework in Frameworks */ = {isa = PBXBuildFile; fileRef = C3C5B7632F04160000CA5541 /* Metal.framework */; };
		C3C5B7682F04273200CA5541 /* PFMTextureLoader.mm in Sources */ = {isa = PBXBuildFile; fileRef = C3C5B7662F04273200CA5541 /* PFMTextureLoader.mm */; };
		C3C5B76B2F06667C00CA5541 /* PFMTools.cpp in Sources */ = {isa = PBXBuildFile; fileRef = C3C5B75B2F0410D500CA5541 /* PFMTools.cpp */; };
		C3C5B76C2F06668000CA5541 /* PFMTextureLoader.mm in Sources */ = {isa = PBXBuildFile; fileRef = C3C5B7662F04273200CA5541 /* PFMTextureLoader.mm */; };
/* End PBXBuildFile section */

/* Begin PBXCopyFilesBuildPhase section */
		C3C5B7062EFCD76F00CA5541 /* CopyFiles */ = {
			isa = PBXCopyFilesBuildPhase;
			buildActionMask = 2147483647;
			dstPath = /usr/share/man/man1/;
			dstSubfolderSpec = 0;
			files = (
			);
			runOnlyForDeploymentPostprocessing = 1;
		};
		C3C5B7412EFD593400CA5541 /* CopyFiles */ = {
			isa = PBXCopyFilesBuildPhase;
			buildActionMask = 2147483647;
			dstPath = /usr/share/man/man1/;
			dstSubfolderSpec = 0;
			files = (
			);
			runOnlyForDeploymentPostprocessing = 1;
		};
/* End PBXCopyFilesBuildPhase section */

/* Begin PBXFileReference section */
		C3C5B7082EFCD76F00CA5541 /* 2D_SDFGenerator */ = {isa = PBXFileReference; explicitFileType = "compiled.mach-o.executable"; includeInIndex = 0; path = 2D_SDFGenerator; sourceTree = BUILT_PRODUCTS_DIR; };
		C3C5B7432EFD593400CA5541 /* SDF_Render */ = {isa = PBXFileReference; explicitFileType = "compiled.mach-o.executable"; includeInIndex = 0; path = SDF_Render; sourceTree = BUILT_PRODUCTS_DIR; };
		C3C5B7582F0403E200CA5541 /* README.md */ = {isa = PBXFileReference; lastKnownFileType = net.daringfireball.markdown; path = README.md; sourceTree = "<group>"; };
		C3C5B75A2F0410D500CA5541 /* PFMTools.hpp */ = {isa = PBXFileReference; lastKnownFileType = sourcecode.cpp.h; path = PFMTools.hpp; sourceTree = "<group>"; };
		C3C5B75B2F0410D500CA5541 /* PFMTools.cpp */ = {isa = PBXFileReference; lastKnownFileType = sourcecode.cpp.cpp; path = PFMTools.cpp; sourceTree = "<group>"; };
		C3C5B75F2F0415EC00CA5541 /* Foundation.framework */ = {isa = PBXFileReference; lastKnownFileType = wrapper.framework; name = Foundation.framework; path = System/Library/Frameworks/Foundation.framework; sourceTree = SDKROOT; };
		C3C5B7612F0415F500CA5541 /* QuartzCore.framework */ = {isa = PBXFileReference; lastKnownFileType = wrapper.framework; name = QuartzCore.framework; path = System/Library/Frameworks/QuartzCore.framework; sourceTree = SDKROOT; };
		C3C5B7632F04160000CA5541 /* Metal.framework */ = {isa = PBXFileReference; lastKnownFileType = wrapper.framework; name = Metal.framework; path = System/Library/Frameworks/Metal.framework; sourceTree = SDKROOT; };
		C3C5B7652F04273200CA5541 /* PFMTextureLoader.h */ = {isa = PBXFileReference; lastKnownFileType = sourcecode.c.h; path = PFMTextureLoader.h; sourceTree = "<group>"; };
		C3C5B7662F04273200CA5541 /* PFMTextureLoader.mm */ = {isa = PBXFileReference; lastKnownFileType = sourcecode.cpp.objcpp; path = PFMTextureLoader.mm; sourceTree = "<group>"; };
/* End PBXFileReference section */

/* Begin PBXFileSystemSynchronizedRootGroup section */
		C3C5B70A2EFCD76F00CA5541 /* 2D_SDFGenerator */ = {
			isa = PBXFileSystemSynchronizedRootGroup;
			path = 2D_SDFGenerator;
			sourceTree = "<group>";
		};
		C3C5B7442EFD593400CA5541 /* SDF_Render */ = {
			isa = PBXFileSystemSynchronizedRootGroup;
			path = SDF_Render;
			sourceTree = "<group>";
		};
/* End PBXFileSystemSynchronizedRootGroup section */

/* Begin PBXFrameworksBuildPhase section */
		C3C5B7052EFCD76F00CA5541 /* Frameworks */ = {
			isa = PBXFrameworksBuildPhase;
			buildActionMask = 2147483647;
			files = (
				C3C5B7642F04160000CA5541 /* Metal.framework in Frameworks */,
				C3C5B7622F0415F500CA5541 /* QuartzCore.framework in Frameworks */,
				C3C5B7602F0415EC00CA5541 /* Foundation.framework in Frameworks */,
			);
			runOnlyForDeploymentPostprocessing = 0;
		};
		C3C5B7402EFD593400CA5541 /* Frameworks */ = {
			isa = PBXFrameworksBuildPhase;
			buildActionMask = 2147483647;
			files = (
			);
			runOnlyForDeploymentPostprocessing = 0;
		};
/* End PBXFrameworksBuildPhase section */

/* Begin PBXGroup section */
		C3C5B6FF2EFCD76F00CA5541 = {
			isa = PBXGroup;
			children = (
				C3C5B7582F0403E200CA5541 /* README.md */,
				C3C5B7652F04273200CA5541 /* PFMTextureLoader.h */,
				C3C5B7662F04273200CA5541 /* PFMTextureLoader.mm */,
				C3C5B75A2F0410D500CA5541 /* PFMTools.hpp */,
				C3C5B75B2F0410D500CA5541 /* PFMTools.cpp */,
				C3C5B70A2EFCD76F00CA5541 /* 2D_SDFGenerator */,
				C3C5B7442EFD593400CA5541 /* SDF_Render */,
				C3C5B75E2F0415EC00CA5541 /* Frameworks */,
				C3C5B7092EFCD76F00CA5541 /* Products */,
			);
			sourceTree = "<group>";
		};
		C3C5B7092EFCD76F00CA5541 /* Products */ = {
			isa = PBXGroup;
			children = (
				C3C5B7082EFCD76F00CA5541 /* 2D_SDFGenerator */,
				C3C5B7432EFD593400CA5541 /* SDF_Render */,
			);
			name = Products;
			sourceTree = "<group>";
		};
		C3C5B75E2F0415EC00CA5541 /* Frameworks */ = {
			isa = PBXGroup;
			children = (
				C3C5B7632F04160000CA5541 /* Metal.framework */,
				C3C5B7612F0415F500CA5541 /* QuartzCore.framework */,
				C3C5B75F2F0415EC00CA5541 /* Foundation.framework */,
			);
			name = Frameworks;
			sourceTree = "<group>";
		};
/* End PBXGroup section */

/* Begin PBXNativeTarget section */
		C3C5B7072EFCD76F00CA5541 /* 2D_SDFGenerator */ = {
			isa = PBXNativeTarget;
			buildConfigurationList = C3C5B70F2EFCD76F00CA5541 /* Build configuration list for PBXNativeTarget "2D_SDFGenerator" */;
			buildPhases = (
				C3C5B7042EFCD76F00CA5541 /* Sources */,
				C3C5B7052EFCD76F00CA5541 /* Frameworks */,
				C3C5B7062EFCD76F00CA5541 /* CopyFiles */,
			);
			buildRules = (
			);
			dependencies = (
			);
			fileSystemSynchronizedGroups = (
				C3C5B70A2EFCD76F00CA5541 /* 2D_SDFGenerator */,
			);
			name = 2D_SDFGenerator;
			packageProductDependencies = (
			);
			productName = 2D_SDFGenerator;
			productReference = C3C5B7082EFCD76F00CA5541 /* 2D_SDFGenerator */;
			productType = "com.apple.product-type.tool";
		};
		C3C5B7422EFD593400CA5541 /* SDF_Render */ = {
			isa = PBXNativeTarget;
			buildConfigurationList = C3C5B7492EFD593400CA5541 /* Build configuration list for PBXNativeTarget "SDF_Render" */;
			buildPhases = (
				C3C5B73F2EFD593400CA5541 /* Sources */,
				C3C5B7402EFD593400CA5541 /* Frameworks */,
				C3C5B7412EFD593400CA5541 /* CopyFiles */,
			);
			buildRules = (
			);
			dependencies = (
			);
			fileSystemSynchronizedGroups = (
				C3C5B7442EFD593400CA5541 /* SDF_Render */,
			);
			name = SDF_Render;
			packageProductDependencies = (
			);
			productName = SDF_Render;
			productReference = C3C5B7432EFD593400CA5541 /* SDF_Render */;
			productType = "com.apple.product-type.tool";
		};
/* End PBXNativeTarget section */

/* Begin PBXProject section */
		C3C5B7002EFCD76F00CA5541 /* Project object */ = {
			isa = PBXProject;
			attributes = {
				BuildIndependentTargetsInParallel = 1;
				LastUpgradeCheck = 2620;
				TargetAttributes = {
					C3C5B7072EFCD76F00CA5541 = {
						CreatedOnToolsVersion = 26.2;
					};
					C3C5B7422EFD593400CA5541 = {
						CreatedOnToolsVersion = 26.2;
					};
				};
			};
			buildConfigurationList = C3C5B7032EFCD76F00CA5541 /* Build configuration list for PBXProject "2D_SDFGenerator" */;
			developmentRegion = en;
			hasScannedForEncodings = 0;
			knownRegions = (
				en,
				Base,
			);
			mainGroup = C3C5B6FF2EFCD76F00CA5541;
			minimizedProjectReferenceProxies = 1;
			preferredProjectObjectVersion = 77;
			productRefGroup = C3C5B7092EFCD76F00CA5541 /* Products */;
			projectDirPath = "";
			projectRoot = "";
			targets = (
				C3C5B7072EFCD76F00CA5541 /* 2D_SDFGenerator */,
				C3C5B7422EFD593400CA5541 /* SDF_Render */,
			);
		};
/* End PBXProject section */

/* Begin PBXSourcesBuildPhase section */
		C3C5B7042EFCD76F00CA5541 /* Sources */ = {
			isa = PBXSourcesBuildPhase;
			buildActionMask = 2147483647;
			files = (
				C3C5B75D2F0410D500CA5541 /* PFMTools.cpp in Sources */,
				C3C5B7682F04273200CA5541 /* PFMTextureLoader.mm in Sources */,
			);
			runOnlyForDeploymentPostprocessing = 0;
		};
		C3C5B73F2EFD593400CA5541 /* Sources */ = {
			isa = PBXSourcesBuildPhase;
			buildActionMask = 2147483647;
			files = (
				C3C5B76C2F06668000CA5541 /* PFMTextureLoader.mm in Sources */,
				C3C5B76B2F06667C00CA5541 /* PFMTools.cpp in Sources */,
			);
			runOnlyForDeploymentPostprocessing = 0;
		};
/* End PBXSourcesBuildPhase section */

/* Begin XCBuildConfiguration section */
		C3C5B70D2EFCD76F00CA5541 /* Debug */ = {
			isa = XCBuildConfiguration;
			buildSettings = {
				ALWAYS_SEARCH_USER_PATHS = NO;
				ASSETCATALOG_COMPILER_GENERATE_SWIFT_ASSET_SYMBOL_EXTENSIONS = YES;
				CLANG_ANALYZER_NONNULL = YES;
				CLANG_ANALYZER_NUMBER_OBJECT_CONVERSION = YES_AGGRESSIVE;
				CLANG_CXX_LANGUAGE_STANDARD = "gnu++20";
				CLANG_ENABLE_MODULES = YES;
				CLANG_ENABLE_OBJC_ARC = YES;
				CLANG_ENABLE_OBJC_WEAK = YES;
				CLANG_WARN_BLOCK_CAPTURE_AUTORELEASING = YES;
				CLANG_WARN_BOOL_CONVERSION = YES;
				CLANG_WARN_COMMA = YES;
				CLANG_WARN_CONSTANT_CONVERSION = YES;
				CLANG_WARN_DEPRECATED_OBJC_IMPLEMENTATIONS = YES;
				CLANG_WARN_DIRECT_OBJC_ISA_USAGE = YES_ERROR;
				CLANG_WARN_DOCUMENTATION_COMMENTS = YES;
				CLANG_WARN_EMPTY_BODY = YES;
				CLANG_WARN_ENUM_CONVERSION = YES;
				CLANG_WARN_INFINITE_RECURSION = YES;
				CLANG_WARN_INT_CONVERSION = YES;
				CLANG_WARN_NON_LITERAL_NULL_CONVERSION = YES;
				CLANG_WARN_OBJC_IMPLICIT_RETAIN_SELF = YES;
				CLANG_WARN_OBJC_LITERAL_CONVERSION = YES;
				CLANG_WARN_OBJC_ROOT_CLASS = YES_ERROR;
				CLANG_WARN_QUOTED_INCLUDE_IN_FRAMEWORK_HEADER = YES;
				CLANG_WARN_RANGE_LOOP_ANALYSIS = YES;
				CLANG_WARN_STRICT_PROTOTYPES = YES;
				CLANG_WARN_SUSPICIOUS_MOVE = YES;
				CLANG_WARN_UNGUARDED_AVAILABILITY = YES_AGGRESSIVE;
				CLANG_WARN_UNREACHABLE_CODE = YES;
				CLANG_WARN__DUPLICATE_METHOD_MATCH = YES;
				COPY_PHASE_STRIP = NO;
				DEBUG_INFORMATION_FORMAT = dwarf;
				DEVELOPMENT_TEAM = THB3YLVB88;
				ENABLE_STRICT_OBJC_MSGSEND = YES;
				ENABLE_TESTABILITY = YES;
				ENABLE_USER_SCRIPT_SANDBOXING = YES;
				GCC_C_LANGUAGE_STANDARD = gnu17;
				GCC_DYNAMIC_NO_PIC = NO;
				GCC_NO_COMMON_BLOCKS = YES;
				GCC_OPTIMIZATION_LEVEL = 0;
				GCC_PREPROCESSOR_DEFINITIONS = (
					"DEBUG=1",
					"$(inherited)",
				);
				GCC_WARN_64_TO_32_BIT_CONVERSION = YES;
				GCC_WARN_ABOUT_RETURN_TYPE = YES_ERROR;
				GCC_WARN_UNDECLARED_SELECTOR = YES;
				GCC_WARN_UNINITIALIZED_AUTOS = YES_AGGRESSIVE;
				GCC_WARN_UNUSED_FUNCTION = YES;
				GCC_WARN_UNUSED_VARIABLE = YES;
				LOCALIZATION_PREFERS_STRING_CATALOGS = YES;
				MACOSX_DEPLOYMENT_TARGET = 26.2;
				MTL_ENABLE_DEBUG_INFO = INCLUDE_SOURCE;
				MTL_FAST_MATH = YES;
				ONLY_ACTIVE_ARCH = YES;
				SDKROOT = macosx;
			};
			name = Debug;
		};
		C3C5B70E2EFCD76F00CA5541 /* Release */ = {
			isa = XCBuildConfiguration;
			buildSettings = {
				ALWAYS_SEARCH_USER_PATHS = NO;
				ASSETCATALOG_COMPILER_GENERATE_SWIFT_ASSET_SYMBOL_EXTENSIONS = YES;
				CLANG_ANALYZER_NONNULL = YES;
				CLANG_ANALYZER_NUMBER_OBJECT_CONVERSION = YES_AGGRESSIVE;
				CLANG_CXX_LANGUAGE_STANDARD = "gnu++20";
				CLANG_ENABLE_MODULES = YES;
				CLANG_ENABLE_OBJC_ARC = YES;
				CLANG_ENABLE_OBJC_WEAK = YES;
				CLANG_WARN_BLOCK_CAPTURE_AUTORELEASING = YES;
				CLANG_WARN_BOOL_CONVERSION = YES;
				CLANG_WARN_COMMA = YES;
				CLANG_WARN_CONSTANT_CONVERSION = YES;
				CLANG_WARN_DEPRECATED_OBJC_IMPLEMENTATIONS = YES;
				CLANG_WARN_DIRECT_OBJC_ISA_USAGE = YES_ERROR;
				CLANG_WARN_DOCUMENTATION_COMMENTS = YES;
				CLANG_WARN_EMPTY_BODY = YES;
				CLANG_WARN_ENUM_CONVERSION = YES;
				CLANG_WARN_INFINITE_RECURSION = YES;
				CLANG_WARN_INT_CONVERSION = YES;
				CLANG_WARN_NON_LITERAL_NULL_CONVERSION = YES;
				CLANG_WARN_OBJC_IMPLICIT_RETAIN_SELF = YES;
				CLANG_WARN_OBJC_LITERAL_CONVERSION = YES;
				CLANG_WARN_OBJC_ROOT_CLASS = YES_ERROR;
				CLANG_WARN_QUOTED_INCLUDE_IN_FRAMEWORK_HEADER = YES;
				CLANG_WARN_RANGE_LOOP_ANALYSIS = YES;
				CLANG_WARN_STRICT_PROTOTYPES = YES;
				CLANG_WARN_SUSPICIOUS_MOVE = YES;
				CLANG_WARN_UNGUARDED_AVAILABILITY = YES_AGGRESSIVE;
				CLANG_WARN_UNREACHABLE_CODE = YES;
				CLANG_WARN__DUPLICATE_METHOD_MATCH = YES;
				COPY_PHASE_STRIP = NO;
				DEBUG_INFORMATION_FORMAT = "dwarf-with-dsym";
				DEVELOPMENT_TEAM = THB3YLVB88;
				ENABLE_NS_ASSERTIONS = NO;
				ENABLE_STRICT_OBJC_MSGSEND = YES;
				ENABLE_USER_SCRIPT_SANDBOXING = YES;
				GCC_C_LANGUAGE_STANDARD = gnu17;
				GCC_NO_COMMON_BLOCKS = YES;
				GCC_WARN_64_TO_32_BIT_CONVERSION = YES;
				GCC_WARN_ABOUT_RETURN_TYPE = YES_ERROR;
				GCC_WARN_UNDECLARED_SELECTOR = YES;
				GCC_WARN_UNINITIALIZED_AUTOS = YES_AGGRESSIVE;
				GCC_WARN_UNUSED_FUNCTION = YES;
				GCC_WARN_UNUSED_VARIABLE = YES;
				LOCALIZATION_PREFERS_STRING_CATALOGS = YES;
				MACOSX_DEPLOYMENT_TARGET = 26.2;
				MTL_ENABLE_DEBUG_INFO = NO;
				MTL_FAST_MATH = YES;
				SDKROOT = macosx;
			};
			name = Release;
		};
		C3C5B7102EFCD76F00CA5541 /* Debug */ = {
			isa = XCBuildConfiguration;
			buildSettings = {
				CLANG_CXX_LANGUAGE_STANDARD = "c++20";
				CODE_SIGN_STYLE = Automatic;
				DEVELOPMENT_TEAM = THB3YLVB88;
				ENABLE_HARDENED_RUNTIME = YES;
				HEADER_SEARCH_PATHS = (
					"$(SDKROOT)/usr/lib",
					"$(SDKROOT)/usr/include/c++/v1",
				);
				PRODUCT_NAME = "$(TARGET_NAME)";
			};
			name = Debug;
		};
		C3C5B7112EFCD76F00CA5541 /* Release */ = {
			isa = XCBuildConfiguration;
			buildSettings = {
				CLANG_CXX_LANGUAGE_STANDARD = "c++20";
				CODE_SIGN_STYLE = Automatic;
				DEVELOPMENT_TEAM = THB3YLVB88;
				ENABLE_HARDENED_RUNTIME = YES;
				HEADER_SEARCH_PATHS = (
					"$(SDKROOT)/usr/lib",
					"$(SDKROOT)/usr/include/c++/v1",
				);
				PRODUCT_NAME = "$(TARGET_NAME)";
			};
			name = Release;
		};
		C3C5B7472EFD593400CA5541 /* Debug */ = {
			isa = XCBuildConfiguration;
			buildSettings = {
				CODE_SIGN_STYLE = Automatic;
				DEVELOPMENT_TEAM = THB3YLVB88;
				ENABLE_HARDENED_RUNTIME = YES;
				HEADER_SEARCH_PATHS = (
					"$(SDKROOT)/usr/lib",
					"$(SDKROOT)/usr/include/c++/v1",
				);
				PRODUCT_NAME = "$(TARGET_NAME)";
			};
			name = Debug;
		};
		C3C5B7482EFD593400CA5541 /* Release */ = {
			isa = XCBuildConfiguration;
			buildSettings = {
				CODE_SIGN_STYLE = Automatic;
				DEVELOPMENT_TEAM = THB3YLVB88;
				ENABLE_HARDENED_RUNTIME = YES;
				HEADER_SEARCH_PATHS = (
					"$(SDKROOT)/usr/lib",
					"$(SDKROOT)/usr/include/c++/v1",
				);
				PRODUCT_NAME = "$(TARGET_NAME)";
			};
			name = Release;
		};
/* End XCBuildConfiguration section */

/* Begin XCConfigurationList section */
		C3C5B7032EFCD76F00CA5541 /* Build configuration list for PBXProject "2D_SDFGenerator" */ = {
			isa = XCConfigurationList;
			buildConfigurations = (
				C3C5B70D2EFCD76F00CA5541 /* Debug */,
				C3C5B70E2EFCD76F00CA5541 /* Release */,
			);
			defaultConfigurationIsVisible = 0;
			defaultConfigurationName = Release;
		};
		C3C5B70F2EFCD76F00CA5541 /* Build configuration list for PBXNativeTarget "2D_SDFGenerator" */ = {
			isa = XCConfigurationList;
			buildConfigurations = (
				C3C5B7102EFCD76F00CA5541 /* Debug */,
				C3C5B7112EFCD76F00CA5541 /* Release */,
			);
			defaultConfigurationIsVisible = 0;
			defaultConfigurationName = Release;
		};
		C3C5B7492EFD593400CA5541 /* Build configuration list for PBXNativeTarget "SDF_Render" */ = {
			isa = XCConfigurationList;
			buildConfigurations = (
				C3C5B7472EFD593400CA5541 /* Debug */,
				C3C5B7482EFD593400CA5541 /* Release */,
			);
			defaultConfigurationIsVisible = 0;
			defaultConfigurationName = Release;
		};
/* End XCConfigurationList section */
	};
	rootObject = C3C5B7002EFCD76F00CA5541 /* Project object */;
}
